
Microsoft Visual Studio Solution File, Format Version 12.00
# Visual Studio Version 17
VisualStudioVersion = 17.1.32414.318
MinimumVisualStudioVersion = 10.0.40219.1
Project("{9A19103F-16F7-4668-BE54-9A1E7A4F7556}") = "ACME.Backend.Entities", "ACME.Backend.Entities\ACME.Backend.Entities.csproj", "{7D234B30-6B89-4F9B-8DDD-93A2B875B2BA}"
EndProject
Project("{9A19103F-16F7-4668-BE54-9A1E7A4F7556}") = "ACME.Backend.EntityFramework", "ACME.Backend.EntityFramework\ACME.Backend.EntityFramework.csproj", "{6921D4B2-D8B3-485D-B7CB-C6E1589066BF}"
EndProject
Project("{9A19103F-16F7-4668-BE54-9A1E7A4F7556}") = "ACME.Backend.Interfaces", "ACME.Backend.Interfaces\ACME.Backend.Interfaces.csproj", "{49791569-1E96-4C3B-9751-BC35683E4E1B}"
EndProject
Project("{9A19103F-16F7-4668-BE54-9A1E7A4F7556}") = "ACME.Backend.Repository.InMemory", "ACME.Backend.Repository.InMemory\ACME.Backend.Repository.InMemory.csproj", "{6597828C-042E-41B2-9061-644C923D26DA}"
EndProject
Project("{9A19103F-16F7-4668-BE54-9A1E7A4F7556}") = "ACME.Backend.Repository.SqlServer", "ACME.Backend.Repository.SqlServer\ACME.Backend.Repository.SqlServer.csproj", "{0B200EC2-B686-49DE-AC28-9C5075F6A28D}"
EndProject
Project("{9A19103F-16F7-4668-BE54-9A1E7A4F7556}") = "ACME.Backend.Services.WebApi", "ACME.Backend.Services.WebApi\ACME.Backend.Services.WebApi.csproj", "{16A56312-D006-4A09-8E86-FABCDA5DD66F}"
EndProject
Project("{9A19103F-16F7-4668-BE54-9A1E7A4F7556}") = "ACME.Frontend.Clients.Web", "ACME.Frontend.Clients.Web\ACME.Frontend.Clients.Web.csproj", "{BA3ADD84-D46D-4262-B4DD-BBA840665BD6}"
EndProject
Project("{9A19103F-16F7-4668-BE54-9A1E7A4F7556}") = "ACME.Backend.Repository", "ACME.Backend.Repository\ACME.Backend.Repository.csproj", "{EBAEA69D-DF10-4CF0-B810-2BB448606572}"
EndProject
Project("{9A19103F-16F7-4668-BE54-9A1E7A4F7556}") = "ACME.Backend.Repository.Tests", "ACME.Backend.Repository.Tests\ACME.Backend.Repository.Tests.csproj", "{F6464054-A0D9-4438-9FCC-DE144EC22729}"
EndProject
Project("{9A19103F-16F7-4668-BE54-9A1E7A4F7556}") = "ACME.Backend.IntegrationTests", "ACME.Backend.IntegrationTests\ACME.Backend.IntegrationTests.csproj", "{015C0F21-4023-4958-BB4A-EBC24C5DF5BC}"
EndProject
Global
	GlobalSection(SolutionConfigurationPlatforms) = preSolution
		Debug|Any CPU = Debug|Any CPU
		Release|Any CPU = Release|Any CPU
	EndGlobalSection
	GlobalSection(ProjectConfigurationPlatforms) = postSolution
		{7D234B30-6B89-4F9B-8DDD-93A2B875B2BA}.Debug|Any CPU.ActiveCfg = Debug|Any CPU
		{7D234B30-6B89-4F9B-8DDD-93A2B875B2BA}.Debug|Any CPU.Build.0 = Debug|Any CPU
		{7D234B30-6B89-4F9B-8DDD-93A2B875B2BA}.Release|Any CPU.ActiveCfg = Release|Any CPU
		{7D234B30-6B89-4F9B-8DDD-93A2B875B2BA}.Release|Any CPU.Build.0 = Release|Any CPU
		{6921D4B2-D8B3-485D-B7CB-C6E1589066BF}.Debug|Any CPU.ActiveCfg = Debug|Any CPU
		{6921D4B2-D8B3-485D-B7CB-C6E1589066BF}.Debug|Any CPU.Build.0 = Debug|Any CPU
		{6921D4B2-D8B3-485D-B7CB-C6E1589066BF}.Release|Any CPU.ActiveCfg = Release|Any CPU
		{6921D4B2-D8B3-485D-B7CB-C6E1589066BF}.Release|Any CPU.Build.0 = Release|Any CPU
		{49791569-1E96-4C3B-9751-BC35683E4E1B}.Debug|Any CPU.ActiveCfg = Debug|Any CPU
		{49791569-1E96-4C3B-9751-BC35683E4E1B}.Debug|Any CPU.Build.0 = Debug|Any CPU
		{49791569-1E96-4C3B-9751-BC35683E4E1B}.Release|Any CPU.ActiveCfg = Release|Any CPU
		{49791569-1E96-4C3B-9751-BC35683E4E1B}.Release|Any CPU.Build.0 = Release|Any CPU
		{6597828C-042E-41B2-9061-644C923D26DA}.Debug|Any CPU.ActiveCfg = Debug|Any CPU
		{6597828C-042E-41B2-9061-644C923D26DA}.Debug|Any CPU.Build.0 = Debug|Any CPU
		{6597828C-042E-41B2-9061-644C923D26DA}.Release|Any CPU.ActiveCfg = Release|Any CPU
		{6597828C-042E-41B2-9061-644C923D26DA}.Release|Any CPU.Build.0 = Release|Any CPU
		{0B200EC2-B686-49DE-AC28-9C5075F6A28D}.Debug|Any CPU.ActiveCfg = Debug|Any CPU
		{0B200EC2-B686-49DE-AC28-9C5075F6A28D}.Debug|Any CPU.Build.0 = Debug|Any CPU
		{0B200EC2-B686-49DE-AC28-9C5075F6A28D}.Release|Any CPU.ActiveCfg = Release|Any CPU
		{0B200EC2-B686-49DE-AC28-9C5075F6A28D}.Release|Any CPU.Build.0 = Release|Any CPU
		{16A56312-D006-4A09-8E86-FABCDA5DD66F}.Debug|Any CPU.ActiveCfg = Debug|Any CPU
		{16A56312-D006-4A09-8E86-FABCDA5DD66F}.Debug|Any CPU.Build.0 = Debug|Any CPU
		{16A56312-D006-4A09-8E86-FABCDA5DD66F}.Release|Any CPU.ActiveCfg = Release|Any CPU
		{16A56312-D006-4A09-8E86-FABCDA5DD66F}.Release|Any CPU.Build.0 = Release|Any CPU
		{BA3ADD84-D46D-4262-B4DD-BBA840665BD6}.Debug|Any CPU.ActiveCfg = Debug|Any CPU
		{BA3ADD84-D46D-4262-B4DD-BBA840665BD6}.Debug|Any CPU.Build.0 = Debug|Any CPU
		{BA3ADD84-D46D-4262-B4DD-BBA840665BD6}.Release|Any CPU.ActiveCfg = Release|Any CPU
		{BA3ADD84-D46D-4262-B4DD-BBA840665BD6}.Release|Any CPU.Build.0 = Release|Any CPU
		{EBAEA69D-DF10-4CF0-B810-2BB448606572}.Debug|Any CPU.ActiveCfg = Debug|Any CPU
		{EBAEA69D-DF10-4CF0-B810-2BB448606572}.Debug|Any CPU.Build.0 = Debug|Any CPU
		{EBAEA69D-DF10-4CF0-B810-2BB448606572}.Release|Any CPU.ActiveCfg = Release|Any CPU
		{EBAEA69D-DF10-4CF0-B810-2BB448606572}.Release|Any CPU.Build.0 = Release|Any CPU
		{F6464054-A0D9-4438-9FCC-DE144EC22729}.Debug|Any CPU.ActiveCfg = Debug|Any CPU
		{F6464054-A0D9-4438-9FCC-DE144EC22729}.Debug|Any CPU.Build.0 = Debug|Any CPU
		{F6464054-A0D9-4438-9FCC-DE144EC22729}.Release|Any CPU.ActiveCfg = Release|Any CPU
		{F6464054-A0D9-4438-9FCC-DE144EC22729}.Release|Any CPU.Build.0 = Release|Any CPU
		{015C0F21-4023-4958-BB4A-EBC24C5DF5BC}.Debug|Any CPU.ActiveCfg = Debug|Any CPU
		{015C0F21-4023-4958-BB4A-EBC24C5DF5BC}.Debug|Any CPU.Build.0 = Debug|Any CPU
		{015C0F21-4023-4958-BB4A-EBC24C5DF5BC}.Release|Any CPU.ActiveCfg = Release|Any CPU
		{015C0F21-4023-4958-BB4A-EBC24C5DF5BC}.Release|Any CPU.Build.0 = Release|Any CPU
	EndGlobalSection
	GlobalSection(SolutionProperties) = preSolution
		HideSolutionNode = FALSE
	EndGlobalSection
	GlobalSection(ExtensibilityGlobals) = postSolution
		SolutionGuid = {FEF42B69-FEBC-4761-AD86-ED3A3C05C9EE}
	EndGlobalSection
EndGlobal
