{
  "requires": true,
  "lockfileVersion": 1,
  "dependencies": {
    "@microsoft/applicationinsights-analytics-js": {
      "version": "2.5.6",
      "resolved": "https://registry.npmjs.org/@microsoft/applicationinsights-analytics-js/-/applicationinsights-analytics-js-2.5.6.tgz",
      "integrity": "sha512-ExNn0Z1Q5mfYqlKgsiXLXWkiSf2XaK5LlVJ9TJQjL2gv6EPXVjKU/6QaFH5ekBmKvvt2bsBK/I/nUUt2n3eiQg==",
      "requires": {
        "@microsoft/applicationinsights-common": "2.5.6",
        "@microsoft/applicationinsights-core-js": "2.5.6",
        "@microsoft/applicationinsights-shims": "1.0.1",
        "@microsoft/dynamicproto-js": "^0.5.2"
      }
    },
    "@microsoft/applicationinsights-channel-js": {
      "version": "2.5.6",
      "resolved": "https://registry.npmjs.org/@microsoft/applicationinsights-channel-js/-/applicationinsights-channel-js-2.5.6.tgz",
      "integrity": "sha512-J0PKqkOwlS5jGX6LylQ6DPLrw6HAMb0bLbs5w9a+jNFXm3yB1RPtxhlaylZZG7BO+4KjfanX2PdBesE2wOtLcw==",
      "requires": {
        "@microsoft/applicationinsights-common": "2.5.6",
        "@microsoft/applicationinsights-core-js": "2.5.6",
        "@microsoft/applicationinsights-shims": "1.0.1"
      }
    },
    "@microsoft/applicationinsights-common": {
      "version": "2.5.6",
      "resolved": "https://registry.npmjs.org/@microsoft/applicationinsights-common/-/applicationinsights-common-2.5.6.tgz",
      "integrity": "sha512-ISrUcIHii2WbEG9diOqlJSM42t5qvHCfWCyatQUwJTW3fS+JDS4Kbq4vBEeMHRW5ka2SFSkO40uMwcZxL0SoOw==",
      "requires": {
        "@microsoft/applicationinsights-core-js": "2.5.6",
        "@microsoft/applicationinsights-shims": "1.0.1"
      }
    },
    "@microsoft/applicationinsights-core-js": {
      "version": "2.5.6",
      "resolved": "https://registry.npmjs.org/@microsoft/applicationinsights-core-js/-/applicationinsights-core-js-2.5.6.tgz",
      "integrity": "sha512-KDepyGJIMc0CpFw5GVVwG9MYl8ztDGdVpCFPaY+hrYN8bkzSb2vHjT/jV8pefcSkmrDOK8THqm2nTYnPo127ag==",
      "requires": {
        "@microsoft/applicationinsights-shims": "1.0.1",
        "@microsoft/dynamicproto-js": "^0.5.2"
      }
    },
    "@microsoft/applicationinsights-dependencies-js": {
      "version": "2.5.6",
      "resolved": "https://registry.npmjs.org/@microsoft/applicationinsights-dependencies-js/-/applicationinsights-dependencies-js-2.5.6.tgz",
      "integrity": "sha512-Ld9OzIczRssZLoyuah2Lgp7O6tfgb/IuA1av4ZRKP9Ki5/4iyrC9dqRViM5P0rKHv5nOk9hghoVaYc+OCQn30g==",
      "requires": {
        "@microsoft/applicationinsights-common": "2.5.6",
        "@microsoft/applicationinsights-core-js": "2.5.6",
        "@microsoft/applicationinsights-shims": "1.0.1",
        "@microsoft/dynamicproto-js": "^0.5.2"
      }
    },
    "@microsoft/applicationinsights-properties-js": {
      "version": "2.5.6",
      "resolved": "https://registry.npmjs.org/@microsoft/applicationinsights-properties-js/-/applicationinsights-properties-js-2.5.6.tgz",
      "integrity": "sha512-tn9PzxUkomhSfO6vPeCNIjcCysmg4xRkntkkXconUbfZoYmrrh0jK11cmW1E3c7U5Pb8RyUqvPyGaBVOIG+QQw==",
      "requires": {
        "@microsoft/applicationinsights-common": "2.5.6",
        "@microsoft/applicationinsights-core-js": "2.5.6",
        "@microsoft/applicationinsights-shims": "1.0.1"
      }
    },
    "@microsoft/applicationinsights-shims": {
      "version": "1.0.1",
      "resolved": "https://registry.npmjs.org/@microsoft/applicationinsights-shims/-/applicationinsights-shims-1.0.1.tgz",
      "integrity": "sha512-nPjUBSpvX5Dnkovp2lZzrg0/uSvYNtbAclWwVP7t8J1hy5OJ3xr3KPNaz79+b84G16Rj861ybau9Gbk7inXkTg=="
    },
    "@microsoft/applicationinsights-web": {
      "version": "2.5.6",
      "resolved": "https://registry.npmjs.org/@microsoft/applicationinsights-web/-/applicationinsights-web-2.5.6.tgz",
      "integrity": "sha512-o5DlixrdFf2FAOv9AOgaN9u1zhVyYhbWoeXDZj9eaOdDgQQq9FzHGLwPUUhqMc/cQN+k2I2PDELnjqHag0VLKQ==",
      "requires": {
        "@microsoft/applicationinsights-analytics-js": "2.5.6",
        "@microsoft/applicationinsights-channel-js": "2.5.6",
        "@microsoft/applicationinsights-common": "2.5.6",
        "@microsoft/applicationinsights-core-js": "2.5.6",
        "@microsoft/applicationinsights-dependencies-js": "2.5.6",
        "@microsoft/applicationinsights-properties-js": "2.5.6",
        "@microsoft/applicationinsights-shims": "1.0.1",
        "@microsoft/dynamicproto-js": "^0.5.2"
      }
    },
    "@microsoft/dynamicproto-js": {
      "version": "0.5.3",
      "resolved": "https://registry.npmjs.org/@microsoft/dynamicproto-js/-/dynamicproto-js-0.5.3.tgz",
      "integrity": "sha512-ky1oQ030kQlj/fv1+NLmY/g4D6YJb55Yg22KAoZGixFnc7UMjHJHjqZ0v3gtdyZykan3ZxRwwc2n1nWayyM38g=="
    }
  }
}
